
Microsoft Visual Studio Solution File, Format Version 12.00
# Visual Studio 15
VisualStudioVersion = 15.0.28307.539
MinimumVisualStudioVersion = 10.0.40219.1
Project("{FAE04EC0-301F-11D3-BF4B-00C04F79EFBC}") = "SRCD", "SRCD\SRCD.csproj", "{BCC42A04-3F4E-481E-83F9-D7CEACF39FEB}"
EndProject
Global
	GlobalSection(SolutionConfigurationPlatforms) = preSolution
		Debug|Any CPU = Debug|Any CPU
		Release|Any CPU = Release|Any CPU
	EndGlobalSection
	GlobalSection(ProjectConfigurationPlatforms) = postSolution
		{BCC42A04-3F4E-481E-83F9-D7CEACF39FEB}.Debug|Any CPU.ActiveCfg = Debug|Any CPU
		{BCC42A04-3F4E-481E-83F9-D7CEACF39FEB}.Debug|Any CPU.Build.0 = Debug|Any CPU
		{BCC42A04-3F4E-481E-83F9-D7CEACF39FEB}.Release|Any CPU.ActiveCfg = Release|Any CPU
		{BCC42A04-3F4E-481E-83F9-D7CEACF39FEB}.Release|Any CPU.Build.0 = Release|Any CPU
	EndGlobalSection
	GlobalSection(SolutionProperties) = preSolution
		HideSolutionNode = FALSE
	EndGlobalSection
	GlobalSection(ExtensibilityGlobals) = postSolution
		SolutionGuid = {4CAE7F1B-65DC-4A9B-8CC0-338CA2A245B6}
	EndGlobalSection
EndGlobal
